
Microsoft Visual Studio Solution File, Format Version 12.00
# Visual Studio Version 16
VisualStudioVersion = 16.0.31313.79
MinimumVisualStudioVersion = 10.0.40219.1
Project("{FAE04EC0-301F-11D3-BF4B-00C04F79EFBC}") = "Todo", "Todo\Todo.csproj", "{5018B73C-50DE-4C1F-B4DD-D7E252D223CB}"
EndProject
Global
	GlobalSection(SolutionConfigurationPlatforms) = preSolution
		Debug|Any CPU = Debug|Any CPU
		Release|Any CPU = Release|Any CPU
	EndGlobalSection
	GlobalSection(ProjectConfigurationPlatforms) = postSolution
		{5018B73C-50DE-4C1F-B4DD-D7E252D223CB}.Debug|Any CPU.ActiveCfg = Debug|Any CPU
		{5018B73C-50DE-4C1F-B4DD-D7E252D223CB}.Debug|Any CPU.Build.0 = Debug|Any CPU
		{5018B73C-50DE-4C1F-B4DD-D7E252D223CB}.Release|Any CPU.ActiveCfg = Release|Any CPU
		{5018B73C-50DE-4C1F-B4DD-D7E252D223CB}.Release|Any CPU.Build.0 = Release|Any CPU
	EndGlobalSection
	GlobalSection(SolutionProperties) = preSolution
		HideSolutionNode = FALSE
	EndGlobalSection
	GlobalSection(ExtensibilityGlobals) = postSolution
		SolutionGuid = {4D2BEE91-C18E-4D5D-90E1-F7CAF06C4D55}
	EndGlobalSection
EndGlobal
